
Microsoft Visual Studio Solution File, Format Version 12.00
# Visual Studio Version 17
VisualStudioVersion = 17.14.36408.4
MinimumVisualStudioVersion = 10.0.40219.1
Project("{FAE04EC0-301F-11D3-BF4B-00C04F79EFBC}") = "TruckFlow", "TruckFlow\TruckFlow.csproj", "{8FCAF22B-38AF-4C74-B1D9-126FDED1D1A0}"
EndProject
Project("{FAE04EC0-301F-11D3-BF4B-00C04F79EFBC}") = "TruckFlowApi.Infra", "TruckFlowApi.Infra\TruckFlowApi.Infra.csproj", "{BDFAE031-426F-4608-9667-DAA178F2D43A}"
EndProject
Project("{2150E333-8FDC-42A3-9474-1A3956D46DE8}") = "4-Infrastructure", "4-Infrastructure", "{02EA681E-C7D8-13C7-8484-4AC65E1B71E8}"
EndProject
Project("{2150E333-8FDC-42A3-9474-1A3956D46DE8}") = "src", "src", "{EA9B58EE-4BD9-459B-ADD9-1ABAD04B5AF6}"
EndProject
Project("{2150E333-8FDC-42A3-9474-1A3956D46DE8}") = "1-API", "1-API", "{36F5D034-816D-45F3-B361-E211A368913A}"
EndProject
Project("{2150E333-8FDC-42A3-9474-1A3956D46DE8}") = "2-Domain", "2-Domain", "{4576AE57-E372-409D-8916-282143E7A6F0}"
EndProject
Project("{FAE04EC0-301F-11D3-BF4B-00C04F79EFBC}") = "TruckFlow.Domain", "TruckFlow.Infrastructure\TruckFlow.Domain.csproj", "{E68A8165-DF76-46D2-8955-501E917C0D76}"
EndProject
Project("{2150E333-8FDC-42A3-9474-1A3956D46DE8}") = "Testes", "Testes", "{F8A3967B-B773-4A23-9E57-ACD32FAEB2F0}"
EndProject
Project("{2150E333-8FDC-42A3-9474-1A3956D46DE8}") = "3-Application", "3-Application", "{39A1055A-0D62-404D-8271-A1480FCBC344}"
EndProject
Project("{FAE04EC0-301F-11D3-BF4B-00C04F79EFBC}") = "TruckFlow.Application", "TruckFlow.Application\TruckFlow.Application.csproj", "{08DC2C07-6912-489D-B27C-10360E4CAE96}"
EndProject
Project("{FAE04EC0-301F-11D3-BF4B-00C04F79EFBC}") = "TruckFlow.Test", "TruckFlow.Test\TruckFlow.Test.csproj", "{4A9B6DEE-7B3C-4F36-A130-72E15D7A80ED}"
EndProject
Global
	GlobalSection(SolutionConfigurationPlatforms) = preSolution
		Debug|Any CPU = Debug|Any CPU
		Release|Any CPU = Release|Any CPU
	EndGlobalSection
	GlobalSection(ProjectConfigurationPlatforms) = postSolution
		{8FCAF22B-38AF-4C74-B1D9-126FDED1D1A0}.Debug|Any CPU.ActiveCfg = Debug|Any CPU
		{8FCAF22B-38AF-4C74-B1D9-126FDED1D1A0}.Debug|Any CPU.Build.0 = Debug|Any CPU
		{8FCAF22B-38AF-4C74-B1D9-126FDED1D1A0}.Release|Any CPU.ActiveCfg = Release|Any CPU
		{8FCAF22B-38AF-4C74-B1D9-126FDED1D1A0}.Release|Any CPU.Build.0 = Release|Any CPU
		{BDFAE031-426F-4608-9667-DAA178F2D43A}.Debug|Any CPU.ActiveCfg = Debug|Any CPU
		{BDFAE031-426F-4608-9667-DAA178F2D43A}.Debug|Any CPU.Build.0 = Debug|Any CPU
		{BDFAE031-426F-4608-9667-DAA178F2D43A}.Release|Any CPU.ActiveCfg = Release|Any CPU
		{BDFAE031-426F-4608-9667-DAA178F2D43A}.Release|Any CPU.Build.0 = Release|Any CPU
		{E68A8165-DF76-46D2-8955-501E917C0D76}.Debug|Any CPU.ActiveCfg = Debug|Any CPU
		{E68A8165-DF76-46D2-8955-501E917C0D76}.Debug|Any CPU.Build.0 = Debug|Any CPU
		{E68A8165-DF76-46D2-8955-501E917C0D76}.Release|Any CPU.ActiveCfg = Release|Any CPU
		{E68A8165-DF76-46D2-8955-501E917C0D76}.Release|Any CPU.Build.0 = Release|Any CPU
		{08DC2C07-6912-489D-B27C-10360E4CAE96}.Debug|Any CPU.ActiveCfg = Debug|Any CPU
		{08DC2C07-6912-489D-B27C-10360E4CAE96}.Debug|Any CPU.Build.0 = Debug|Any CPU
		{08DC2C07-6912-489D-B27C-10360E4CAE96}.Release|Any CPU.ActiveCfg = Release|Any CPU
		{08DC2C07-6912-489D-B27C-10360E4CAE96}.Release|Any CPU.Build.0 = Release|Any CPU
		{4A9B6DEE-7B3C-4F36-A130-72E15D7A80ED}.Debug|Any CPU.ActiveCfg = Debug|Any CPU
		{4A9B6DEE-7B3C-4F36-A130-72E15D7A80ED}.Debug|Any CPU.Build.0 = Debug|Any CPU
		{4A9B6DEE-7B3C-4F36-A130-72E15D7A80ED}.Release|Any CPU.ActiveCfg = Release|Any CPU
		{4A9B6DEE-7B3C-4F36-A130-72E15D7A80ED}.Release|Any CPU.Build.0 = Release|Any CPU
	EndGlobalSection
	GlobalSection(SolutionProperties) = preSolution
		HideSolutionNode = FALSE
	EndGlobalSection
	GlobalSection(NestedProjects) = preSolution
		{8FCAF22B-38AF-4C74-B1D9-126FDED1D1A0} = {36F5D034-816D-45F3-B361-E211A368913A}
		{BDFAE031-426F-4608-9667-DAA178F2D43A} = {02EA681E-C7D8-13C7-8484-4AC65E1B71E8}
		{02EA681E-C7D8-13C7-8484-4AC65E1B71E8} = {EA9B58EE-4BD9-459B-ADD9-1ABAD04B5AF6}
		{36F5D034-816D-45F3-B361-E211A368913A} = {EA9B58EE-4BD9-459B-ADD9-1ABAD04B5AF6}
		{4576AE57-E372-409D-8916-282143E7A6F0} = {EA9B58EE-4BD9-459B-ADD9-1ABAD04B5AF6}
		{E68A8165-DF76-46D2-8955-501E917C0D76} = {4576AE57-E372-409D-8916-282143E7A6F0}
		{39A1055A-0D62-404D-8271-A1480FCBC344} = {EA9B58EE-4BD9-459B-ADD9-1ABAD04B5AF6}
		{08DC2C07-6912-489D-B27C-10360E4CAE96} = {39A1055A-0D62-404D-8271-A1480FCBC344}
		{4A9B6DEE-7B3C-4F36-A130-72E15D7A80ED} = {F8A3967B-B773-4A23-9E57-ACD32FAEB2F0}
	EndGlobalSection
	GlobalSection(ExtensibilityGlobals) = postSolution
		SolutionGuid = {C239F825-E397-4B26-9A99-D9DCCC107271}
	EndGlobalSection
EndGlobal
